
Microsoft Visual Studio Solution File, Format Version 12.00
# Visual Studio Version 17
VisualStudioVersion = 17.0.31903.59
MinimumVisualStudioVersion = 10.0.40219.1
Project("{2150E333-8FDC-42A3-9474-1A3956D46DE8}") = "Solution Items", "Solution Items", "{6DFCE5BB-1112-4EAA-B99B-A271F67552A1}"
	ProjectSection(SolutionItems) = preProject
		.editorconfig = .editorconfig
		Directory.Build.props = Directory.Build.props
		src\Directory.Build.props = src\Directory.Build.props
		Directory.Packages.props = Directory.Packages.props
	EndProjectSection
EndProject
Project("{2150E333-8FDC-42A3-9474-1A3956D46DE8}") = "src", "src", "{77062F04-AB81-4633-8B37-461953BBD64E}"
EndProject
Project("{FAE04EC0-301F-11D3-BF4B-00C04F79EFBC}") = "Queries", "src\Queries\Queries.csproj", "{A0E31091-065D-424C-AFC6-5F432486B017}"
EndProject
Project("{FAE04EC0-301F-11D3-BF4B-00C04F79EFBC}") = "Core", "src\Core\Core.csproj", "{192708D6-CF43-4938-851A-27B423F018D6}"
EndProject
Project("{2150E333-8FDC-42A3-9474-1A3956D46DE8}") = "tests", "tests", "{A67089AB-873D-443D-957C-69214590BE68}"
EndProject
Project("{2150E333-8FDC-42A3-9474-1A3956D46DE8}") = "unit", "unit", "{DD200C8B-92AA-4148-AE2A-EB3BFE8261DE}"
EndProject
Project("{2150E333-8FDC-42A3-9474-1A3956D46DE8}") = "Core", "Core", "{A6C77AC8-1F27-46F7-A9DD-7F5239F50626}"
EndProject
Project("{FAE04EC0-301F-11D3-BF4B-00C04F79EFBC}") = "SemanticTypeInvocationDataAssociator", "tests\unit\Core\SemanticTypeInvocationDataAssociator\SemanticTypeInvocationDataAssociator.csproj", "{8200BC28-C3BE-4B8A-961C-1FBB1492335C}"
EndProject
Project("{2150E333-8FDC-42A3-9474-1A3956D46DE8}") = "integration", "integration", "{04035274-D95E-4ABA-9E3B-40F5CDD06854}"
EndProject
Project("{2150E333-8FDC-42A3-9474-1A3956D46DE8}") = "Core", "Core", "{13761365-D5E8-4228-9594-15787A087228}"
EndProject
Project("{2150E333-8FDC-42A3-9474-1A3956D46DE8}") = "SemanticTypeInvocationDataAssociator", "SemanticTypeInvocationDataAssociator", "{74E89B48-B92F-4B61-8EC7-DB84EB09B4FE}"
EndProject
Project("{FAE04EC0-301F-11D3-BF4B-00C04F79EFBC}") = "SemanticTypeInvocationDataAssociator_CSharp12", "tests\integration\Core\SemanticTypeInvocationDataAssociator\CSharp12\SemanticTypeInvocationDataAssociator_CSharp12.csproj", "{7B76057B-AB65-42C3-8C66-36E7C32CC822}"
EndProject
Global
	GlobalSection(SolutionConfigurationPlatforms) = preSolution
		Debug|Any CPU = Debug|Any CPU
		Release|Any CPU = Release|Any CPU
	EndGlobalSection
	GlobalSection(ProjectConfigurationPlatforms) = postSolution
		{A0E31091-065D-424C-AFC6-5F432486B017}.Debug|Any CPU.ActiveCfg = Debug|Any CPU
		{A0E31091-065D-424C-AFC6-5F432486B017}.Debug|Any CPU.Build.0 = Debug|Any CPU
		{A0E31091-065D-424C-AFC6-5F432486B017}.Release|Any CPU.ActiveCfg = Release|Any CPU
		{A0E31091-065D-424C-AFC6-5F432486B017}.Release|Any CPU.Build.0 = Release|Any CPU
		{192708D6-CF43-4938-851A-27B423F018D6}.Debug|Any CPU.ActiveCfg = Debug|Any CPU
		{192708D6-CF43-4938-851A-27B423F018D6}.Debug|Any CPU.Build.0 = Debug|Any CPU
		{192708D6-CF43-4938-851A-27B423F018D6}.Release|Any CPU.ActiveCfg = Release|Any CPU
		{192708D6-CF43-4938-851A-27B423F018D6}.Release|Any CPU.Build.0 = Release|Any CPU
		{8200BC28-C3BE-4B8A-961C-1FBB1492335C}.Debug|Any CPU.ActiveCfg = Debug|Any CPU
		{8200BC28-C3BE-4B8A-961C-1FBB1492335C}.Debug|Any CPU.Build.0 = Debug|Any CPU
		{8200BC28-C3BE-4B8A-961C-1FBB1492335C}.Release|Any CPU.ActiveCfg = Release|Any CPU
		{8200BC28-C3BE-4B8A-961C-1FBB1492335C}.Release|Any CPU.Build.0 = Release|Any CPU
		{7B76057B-AB65-42C3-8C66-36E7C32CC822}.Debug|Any CPU.ActiveCfg = Debug|Any CPU
		{7B76057B-AB65-42C3-8C66-36E7C32CC822}.Debug|Any CPU.Build.0 = Debug|Any CPU
		{7B76057B-AB65-42C3-8C66-36E7C32CC822}.Release|Any CPU.ActiveCfg = Release|Any CPU
		{7B76057B-AB65-42C3-8C66-36E7C32CC822}.Release|Any CPU.Build.0 = Release|Any CPU
	EndGlobalSection
	GlobalSection(SolutionProperties) = preSolution
		HideSolutionNode = FALSE
	EndGlobalSection
	GlobalSection(NestedProjects) = preSolution
		{A0E31091-065D-424C-AFC6-5F432486B017} = {77062F04-AB81-4633-8B37-461953BBD64E}
		{192708D6-CF43-4938-851A-27B423F018D6} = {77062F04-AB81-4633-8B37-461953BBD64E}
		{DD200C8B-92AA-4148-AE2A-EB3BFE8261DE} = {A67089AB-873D-443D-957C-69214590BE68}
		{A6C77AC8-1F27-46F7-A9DD-7F5239F50626} = {DD200C8B-92AA-4148-AE2A-EB3BFE8261DE}
		{8200BC28-C3BE-4B8A-961C-1FBB1492335C} = {A6C77AC8-1F27-46F7-A9DD-7F5239F50626}
		{04035274-D95E-4ABA-9E3B-40F5CDD06854} = {A67089AB-873D-443D-957C-69214590BE68}
		{13761365-D5E8-4228-9594-15787A087228} = {04035274-D95E-4ABA-9E3B-40F5CDD06854}
		{74E89B48-B92F-4B61-8EC7-DB84EB09B4FE} = {13761365-D5E8-4228-9594-15787A087228}
		{7B76057B-AB65-42C3-8C66-36E7C32CC822} = {74E89B48-B92F-4B61-8EC7-DB84EB09B4FE}
	EndGlobalSection
	GlobalSection(ExtensibilityGlobals) = postSolution
		SolutionGuid = {03179225-A3B7-47F2-BED2-FFC518DCFD28}
	EndGlobalSection
EndGlobal
